{
    "_readme": [
        "This file locks the dependencies of your project to a known state",
        "Read more about it at http://getcomposer.org/doc/01-basic-usage.md#composer-lock-the-lock-file"
    ],
    "hash": "e208f3cd0837e103f78d054c67d11dfe",
    "packages": [
        {
            "name": "igorw/config-service-provider",
            "version": "dev-master",
            "source": {
                "type": "git",
                "url": "https://github.com/igorw/ConfigServiceProvider.git",
                "reference": "8e8f60b3ec86d63733db3bd6371117a758027ec6"
            },
            "dist": {
                "type": "zip",
                "url": "https://api.github.com/repos/igorw/ConfigServiceProvider/zipball/8e8f60b3ec86d63733db3bd6371117a758027ec6",
                "reference": "8e8f60b3ec86d63733db3bd6371117a758027ec6",
                "shasum": ""
            },
            "require": {
                "silex/silex": "~1.0"
            },
            "require-dev": {
                "jamesmoss/toml": "~0.1",
                "symfony/yaml": "~2.1"
            },
            "suggest": {
                "jamesmoss/toml": "~0.1",
                "symfony/yaml": "~2.1"
            },
            "type": "library",
            "extra": {
                "branch-alias": {
                    "dev-master": "1.2-dev"
                }
            },
            "autoload": {
                "psr-0": {
                    "Igorw\\Silex": "src"
                }
            },
            "notification-url": "https://packagist.org/downloads/",
            "license": [
                "MIT"
            ],
            "authors": [
                {
                    "name": "Igor Wiedler",
                    "email": "igor@wiedler.ch",
                    "homepage": "http://wiedler.ch/igor/"
                },
                {
                    "name": "Contributors",
                    "homepage": "https://github.com/igorw/ConfigServiceProvider/contributors"
                }
            ],
            "description": "A config ServiceProvider for Silex with support for php, json and yaml.",
            "keywords": [
                "silex"
            ],
            "time": "2013-05-31 14:23:34"
        },
        {
            "name": "nesbot/carbon",
            "version": "dev-master",
            "source": {
                "type": "git",
                "url": "https://github.com/briannesbitt/Carbon.git",
                "reference": "e5309d1b4ea5cc2bb9b28bdcd3cfb45c5e2d2aaa"
            },
            "dist": {
                "type": "zip",
                "url": "https://api.github.com/repos/briannesbitt/Carbon/zipball/e5309d1b4ea5cc2bb9b28bdcd3cfb45c5e2d2aaa",
                "reference": "e5309d1b4ea5cc2bb9b28bdcd3cfb45c5e2d2aaa",
                "shasum": ""
            },
            "require": {
                "php": ">=5.3.0"
            },
            "type": "library",
            "autoload": {
                "psr-0": {
                    "Carbon": "src"
                }
            },
            "notification-url": "https://packagist.org/downloads/",
            "license": [
                "MIT"
            ],
            "authors": [
                {
                    "name": "Brian Nesbitt",
                    "email": "brian@nesbot.com",
                    "homepage": "http://nesbot.com"
                }
            ],
            "description": "A simple API extension for DateTime.",
            "homepage": "https://github.com/briannesbitt/Carbon",
            "keywords": [
                "date",
                "datetime",
                "time"
            ],
            "time": "2013-08-29 02:51:33"
        },
        {
            "name": "pimple/pimple",
            "version": "dev-master",
            "source": {
                "type": "git",
                "url": "https://github.com/fabpot/Pimple.git",
                "reference": "dd112b96b5836f896b01d344c85de1ed7140c334"
            },
            "dist": {
                "type": "zip",
                "url": "https://api.github.com/repos/fabpot/Pimple/zipball/dd112b96b5836f896b01d344c85de1ed7140c334",
                "reference": "dd112b96b5836f896b01d344c85de1ed7140c334",
                "shasum": ""
            },
            "require": {
                "php": ">=5.3.0"
            },
            "type": "library",
            "extra": {
                "branch-alias": {
                    "dev-master": "1.1.x-dev"
                }
            },
            "autoload": {
                "psr-0": {
                    "Pimple": "lib/"
                }
            },
            "notification-url": "https://packagist.org/downloads/",
            "license": [
                "MIT"
            ],
            "authors": [
                {
                    "name": "Fabien Potencier",
                    "email": "fabien@symfony.com"
                }
            ],
            "description": "Pimple is a simple Dependency Injection Container for PHP 5.3",
            "homepage": "http://pimple.sensiolabs.org",
            "keywords": [
                "container",
                "dependency injection"
            ],
            "time": "2013-08-29 06:29:11"
        },
        {
            "name": "psamatt/spot-service-provider",
            "version": "dev-master",
            "source": {
                "type": "git",
                "url": "https://github.com/psamatt/SpotServiceProvider.git",
                "reference": "d2ecd82107a44d2665add833a19eb9f2ed9afffb"
            },
            "dist": {
                "type": "zip",
                "url": "https://api.github.com/repos/psamatt/SpotServiceProvider/zipball/d2ecd82107a44d2665add833a19eb9f2ed9afffb",
                "reference": "d2ecd82107a44d2665add833a19eb9f2ed9afffb",
                "shasum": ""
            },
            "require": {
                "php": ">=5.3.2",
                "silex/silex": "1.*",
                "vlucas/spot": "dev-master"
            },
            "type": "library",
            "autoload": {
                "psr-0": {
                    "Psamatt\\Silex": "src"
                }
            },
            "notification-url": "https://packagist.org/downloads/",
            "license": [
                "MIT"
            ],
            "authors": [
                {
                    "name": "Matt Goodwin",
                    "email": "matt.goodwin491@gmail.com"
                }
            ],
            "description": "A Spot (DataMapper ORM) service provider for Silex",
            "keywords": [
                "silex"
            ],
            "time": "2013-08-21 12:23:15"
        },
        {
            "name": "psr/log",
            "version": "1.0.0",
            "source": {
                "type": "git",
                "url": "https://github.com/php-fig/log.git",
                "reference": "fe0936ee26643249e916849d48e3a51d5f5e278b"
            },
            "dist": {
                "type": "zip",
                "url": "https://api.github.com/repos/php-fig/log/zipball/fe0936ee26643249e916849d48e3a51d5f5e278b",
                "reference": "fe0936ee26643249e916849d48e3a51d5f5e278b",
                "shasum": ""
            },
            "type": "library",
            "autoload": {
                "psr-0": {
                    "Psr\\Log\\": ""
                }
            },
            "notification-url": "https://packagist.org/downloads/",
            "license": [
                "MIT"
            ],
            "authors": [
                {
                    "name": "PHP-FIG",
                    "homepage": "http://www.php-fig.org/"
                }
            ],
            "description": "Common interface for logging libraries",
            "keywords": [
                "log",
                "psr",
                "psr-3"
            ],
            "time": "2012-12-21 11:40:51"
        },
        {
            "name": "silex/silex",
            "version": "dev-master",
            "source": {
                "type": "git",
                "url": "https://github.com/fabpot/Silex.git",
                "reference": "e7d4a2fdedee2f55d1581659865ebb764f5cadad"
            },
            "dist": {
                "type": "zip",
                "url": "https://api.github.com/repos/fabpot/Silex/zipball/e7d4a2fdedee2f55d1581659865ebb764f5cadad",
                "reference": "e7d4a2fdedee2f55d1581659865ebb764f5cadad",
                "shasum": ""
            },
            "require": {
                "php": ">=5.3.3",
                "pimple/pimple": "1.*",
                "symfony/event-dispatcher": ">=2.3,<2.5-dev",
                "symfony/http-foundation": ">=2.3,<2.5-dev",
                "symfony/http-kernel": ">=2.3,<2.5-dev",
                "symfony/routing": ">=2.3,<2.5-dev"
            },
            "require-dev": {
                "doctrine/dbal": ">=2.2.0,<2.4.0-dev",
                "monolog/monolog": "~1.4,>=1.4.1",
                "phpunit/phpunit": "~3.7",
                "swiftmailer/swiftmailer": "5.*",
                "symfony/browser-kit": ">=2.3,<2.5-dev",
                "symfony/config": ">=2.3,<2.5-dev",
                "symfony/css-selector": ">=2.3,<2.5-dev",
                "symfony/dom-crawler": ">=2.3,<2.5-dev",
                "symfony/finder": ">=2.3,<2.5-dev",
                "symfony/form": ">=2.3,<2.5-dev",
                "symfony/locale": ">=2.3,<2.5-dev",
                "symfony/monolog-bridge": ">=2.3,<2.5-dev",
                "symfony/options-resolver": ">=2.3,<2.5-dev",
                "symfony/process": ">=2.3,<2.5-dev",
                "symfony/security": ">=2.3,<2.5-dev",
                "symfony/serializer": ">=2.3,<2.5-dev",
                "symfony/translation": ">=2.3,<2.5-dev",
                "symfony/twig-bridge": ">=2.3,<2.5-dev",
                "symfony/validator": ">=2.3,<2.5-dev",
                "twig/twig": ">=1.8.0,<2.0-dev"
            },
            "suggest": {
                "symfony/browser-kit": ">=2.3,<2.5-dev",
                "symfony/css-selector": ">=2.3,<2.5-dev",
                "symfony/dom-crawler": ">=2.3,<2.5-dev",
                "symfony/form": ">=2.3,<2.5-dev"
            },
            "type": "library",
            "extra": {
                "branch-alias": {
                    "dev-master": "1.1.x-dev"
                }
            },
            "autoload": {
                "psr-0": {
                    "Silex": "src/"
                }
            },
            "notification-url": "https://packagist.org/downloads/",
            "license": [
                "MIT"
            ],
            "authors": [
                {
                    "name": "Fabien Potencier",
                    "email": "fabien@symfony.com"
                },
                {
                    "name": "Igor Wiedler",
                    "email": "igor@wiedler.ch",
                    "homepage": "http://wiedler.ch/igor/"
                }
            ],
            "description": "The PHP micro-framework based on the Symfony2 Components",
            "homepage": "http://silex.sensiolabs.org",
            "keywords": [
                "microframework"
            ],
            "time": "2013-08-29 05:11:19"
        },
        {
            "name": "symfony/debug",
            "version": "dev-master",
            "target-dir": "Symfony/Component/Debug",
            "source": {
                "type": "git",
                "url": "https://github.com/symfony/Debug.git",
                "reference": "1377dd8d270ef44a23c49fa7885db7ef39a48784"
            },
            "dist": {
                "type": "zip",
                "url": "https://api.github.com/repos/symfony/Debug/zipball/1377dd8d270ef44a23c49fa7885db7ef39a48784",
                "reference": "1377dd8d270ef44a23c49fa7885db7ef39a48784",
                "shasum": ""
            },
            "require": {
                "php": ">=5.3.3"
            },
            "require-dev": {
                "symfony/http-foundation": "~2.1",
                "symfony/http-kernel": "~2.1"
            },
            "suggest": {
                "symfony/http-foundation": "",
                "symfony/http-kernel": ""
            },
            "type": "library",
            "extra": {
                "branch-alias": {
                    "dev-master": "2.4-dev"
                }
            },
            "autoload": {
                "psr-0": {
                    "Symfony\\Component\\Debug\\": ""
                }
            },
            "notification-url": "https://packagist.org/downloads/",
            "license": [
                "MIT"
            ],
            "authors": [
                {
                    "name": "Fabien Potencier",
                    "email": "fabien@symfony.com"
                },
                {
                    "name": "Symfony Community",
                    "homepage": "http://symfony.com/contributors"
                }
            ],
            "description": "Symfony Debug Component",
            "homepage": "http://symfony.com",
            "time": "2013-08-30 12:14:08"
        },
        {
            "name": "symfony/event-dispatcher",
            "version": "dev-master",
            "target-dir": "Symfony/Component/EventDispatcher",
            "source": {
                "type": "git",
                "url": "https://github.com/symfony/EventDispatcher.git",
                "reference": "d38523224d1efb10056ba375dd25efb1f2d46434"
            },
            "dist": {
                "type": "zip",
                "url": "https://api.github.com/repos/symfony/EventDispatcher/zipball/d38523224d1efb10056ba375dd25efb1f2d46434",
                "reference": "d38523224d1efb10056ba375dd25efb1f2d46434",
                "shasum": ""
            },
            "require": {
                "php": ">=5.3.3"
            },
            "require-dev": {
                "symfony/dependency-injection": "~2.0"
            },
            "suggest": {
                "symfony/dependency-injection": "",
                "symfony/http-kernel": ""
            },
            "type": "library",
            "extra": {
                "branch-alias": {
                    "dev-master": "2.4-dev"
                }
            },
            "autoload": {
                "psr-0": {
                    "Symfony\\Component\\EventDispatcher\\": ""
                }
            },
            "notification-url": "https://packagist.org/downloads/",
            "license": [
                "MIT"
            ],
            "authors": [
                {
                    "name": "Fabien Potencier",
                    "email": "fabien@symfony.com"
                },
                {
                    "name": "Symfony Community",
                    "homepage": "http://symfony.com/contributors"
                }
            ],
            "description": "Symfony EventDispatcher Component",
            "homepage": "http://symfony.com",
            "time": "2013-08-19 20:44:22"
        },
        {
            "name": "symfony/http-foundation",
            "version": "dev-master",
            "target-dir": "Symfony/Component/HttpFoundation",
            "source": {
                "type": "git",
                "url": "https://github.com/symfony/HttpFoundation.git",
                "reference": "08c9abaead1d87c26287919ebf7bf38b08d2567d"
            },
            "dist": {
                "type": "zip",
                "url": "https://api.github.com/repos/symfony/HttpFoundation/zipball/08c9abaead1d87c26287919ebf7bf38b08d2567d",
                "reference": "08c9abaead1d87c26287919ebf7bf38b08d2567d",
                "shasum": ""
            },
            "require": {
                "php": ">=5.3.3"
            },
            "type": "library",
            "extra": {
                "branch-alias": {
                    "dev-master": "2.4-dev"
                }
            },
            "autoload": {
                "psr-0": {
                    "Symfony\\Component\\HttpFoundation\\": ""
                },
                "classmap": [
                    "Symfony/Component/HttpFoundation/Resources/stubs"
                ]
            },
            "notification-url": "https://packagist.org/downloads/",
            "license": [
                "MIT"
            ],
            "authors": [
                {
                    "name": "Fabien Potencier",
                    "email": "fabien@symfony.com"
                },
                {
                    "name": "Symfony Community",
                    "homepage": "http://symfony.com/contributors"
                }
            ],
            "description": "Symfony HttpFoundation Component",
            "homepage": "http://symfony.com",
            "time": "2013-08-30 13:15:50"
        },
        {
            "name": "symfony/http-kernel",
            "version": "dev-master",
            "target-dir": "Symfony/Component/HttpKernel",
            "source": {
                "type": "git",
                "url": "https://github.com/symfony/HttpKernel.git",
                "reference": "1c5fc4eb53a0f44d4b38e7829562f4ef5f124914"
            },
            "dist": {
                "type": "zip",
                "url": "https://api.github.com/repos/symfony/HttpKernel/zipball/1c5fc4eb53a0f44d4b38e7829562f4ef5f124914",
                "reference": "1c5fc4eb53a0f44d4b38e7829562f4ef5f124914",
                "shasum": ""
            },
            "require": {
                "php": ">=5.3.3",
                "psr/log": "~1.0",
                "symfony/debug": "~2.3",
                "symfony/event-dispatcher": "~2.1",
                "symfony/http-foundation": "~2.2"
            },
            "require-dev": {
                "symfony/browser-kit": "~2.2",
                "symfony/class-loader": "~2.1",
                "symfony/config": "~2.0",
                "symfony/console": "~2.2",
                "symfony/dependency-injection": "~2.0",
                "symfony/finder": "~2.0",
                "symfony/process": "~2.0",
                "symfony/routing": "~2.2",
                "symfony/stopwatch": "~2.2",
                "symfony/templating": "~2.2"
            },
            "suggest": {
                "symfony/browser-kit": "",
                "symfony/class-loader": "",
                "symfony/config": "",
                "symfony/console": "",
                "symfony/dependency-injection": "",
                "symfony/finder": ""
            },
            "type": "library",
            "extra": {
                "branch-alias": {
                    "dev-master": "2.4-dev"
                }
            },
            "autoload": {
                "psr-0": {
                    "Symfony\\Component\\HttpKernel\\": ""
                }
            },
            "notification-url": "https://packagist.org/downloads/",
            "license": [
                "MIT"
            ],
            "authors": [
                {
                    "name": "Fabien Potencier",
                    "email": "fabien@symfony.com"
                },
                {
                    "name": "Symfony Community",
                    "homepage": "http://symfony.com/contributors"
                }
            ],
            "description": "Symfony HttpKernel Component",
            "homepage": "http://symfony.com",
            "time": "2013-08-30 13:15:50"
        },
        {
            "name": "symfony/routing",
            "version": "dev-master",
            "target-dir": "Symfony/Component/Routing",
            "source": {
                "type": "git",
                "url": "https://github.com/symfony/Routing.git",
                "reference": "85b42c8ac86b7eeba56a9bf95643fe5627ce364d"
            },
            "dist": {
                "type": "zip",
                "url": "https://api.github.com/repos/symfony/Routing/zipball/85b42c8ac86b7eeba56a9bf95643fe5627ce364d",
                "reference": "85b42c8ac86b7eeba56a9bf95643fe5627ce364d",
                "shasum": ""
            },
            "require": {
                "php": ">=5.3.3"
            },
            "require-dev": {
                "doctrine/common": "~2.2",
                "psr/log": "~1.0",
                "symfony/config": "~2.2",
                "symfony/yaml": "~2.0"
            },
            "suggest": {
                "doctrine/common": "",
                "symfony/config": "",
                "symfony/yaml": ""
            },
            "type": "library",
            "extra": {
                "branch-alias": {
                    "dev-master": "2.4-dev"
                }
            },
            "autoload": {
                "psr-0": {
                    "Symfony\\Component\\Routing\\": ""
                }
            },
            "notification-url": "https://packagist.org/downloads/",
            "license": [
                "MIT"
            ],
            "authors": [
                {
                    "name": "Fabien Potencier",
                    "email": "fabien@symfony.com"
                },
                {
                    "name": "Symfony Community",
                    "homepage": "http://symfony.com/contributors"
                }
            ],
            "description": "Symfony Routing Component",
            "homepage": "http://symfony.com",
            "time": "2013-08-24 06:54:37"
        },
        {
            "name": "symfony/security",
            "version": "2.3.x-dev",
            "target-dir": "Symfony/Component/Security",
            "source": {
                "type": "git",
                "url": "https://github.com/symfony/Security.git",
                "reference": "66940a64ab627badd5df3816d6613d2e21753850"
            },
            "dist": {
                "type": "zip",
                "url": "https://api.github.com/repos/symfony/Security/zipball/66940a64ab627badd5df3816d6613d2e21753850",
                "reference": "66940a64ab627badd5df3816d6613d2e21753850",
                "shasum": ""
            },
            "require": {
                "php": ">=5.3.3",
                "symfony/event-dispatcher": "~2.1",
                "symfony/http-foundation": "~2.1",
                "symfony/http-kernel": "~2.1"
            },
            "require-dev": {
                "doctrine/common": "~2.2",
                "doctrine/dbal": "~2.2",
                "ircmaxell/password-compat": "1.0.*",
                "psr/log": "~1.0",
                "symfony/form": "~2.0",
                "symfony/routing": "~2.2",
                "symfony/validator": "~2.2"
            },
            "suggest": {
                "doctrine/dbal": "to use the built-in ACL implementation",
                "ircmaxell/password-compat": "",
                "symfony/class-loader": "",
                "symfony/finder": "",
                "symfony/form": "",
                "symfony/routing": "",
                "symfony/validator": ""
            },
            "type": "library",
            "extra": {
                "branch-alias": {
                    "dev-master": "2.3-dev"
                }
            },
            "autoload": {
                "psr-0": {
                    "Symfony\\Component\\Security\\": ""
                }
            },
            "notification-url": "https://packagist.org/downloads/",
            "license": [
                "MIT"
            ],
            "authors": [
                {
                    "name": "Fabien Potencier",
                    "email": "fabien@symfony.com"
                },
                {
                    "name": "Symfony Community",
                    "homepage": "http://symfony.com/contributors"
                }
            ],
            "description": "Symfony Security Component",
            "homepage": "http://symfony.com",
            "time": "2013-08-30 13:10:46"
        },
        {
            "name": "symfony/twig-bridge",
            "version": "2.3.x-dev",
            "target-dir": "Symfony/Bridge/Twig",
            "source": {
                "type": "git",
                "url": "https://github.com/symfony/TwigBridge.git",
                "reference": "0d12c4c785db544c73ad5a87dcdd44b466d753a2"
            },
            "dist": {
                "type": "zip",
                "url": "https://api.github.com/repos/symfony/TwigBridge/zipball/0d12c4c785db544c73ad5a87dcdd44b466d753a2",
                "reference": "0d12c4c785db544c73ad5a87dcdd44b466d753a2",
                "shasum": ""
            },
            "require": {
                "php": ">=5.3.3",
                "twig/twig": "~1.11"
            },
            "require-dev": {
                "symfony/form": "~2.2",
                "symfony/http-kernel": "~2.2",
                "symfony/routing": "~2.2",
                "symfony/security": "~2.0",
                "symfony/templating": "~2.1",
                "symfony/translation": "~2.2",
                "symfony/yaml": "~2.0"
            },
            "suggest": {
                "symfony/form": "",
                "symfony/http-kernel": "",
                "symfony/routing": "",
                "symfony/security": "",
                "symfony/templating": "",
                "symfony/translation": "",
                "symfony/yaml": ""
            },
            "type": "symfony-bridge",
            "extra": {
                "branch-alias": {
                    "dev-master": "2.3-dev"
                }
            },
            "autoload": {
                "psr-0": {
                    "Symfony\\Bridge\\Twig\\": ""
                }
            },
            "notification-url": "https://packagist.org/downloads/",
            "license": [
                "MIT"
            ],
            "authors": [
                {
                    "name": "Fabien Potencier",
                    "email": "fabien@symfony.com"
                },
                {
                    "name": "Symfony Community",
                    "homepage": "http://symfony.com/contributors"
                }
            ],
            "description": "Symfony Twig Bridge",
            "homepage": "http://symfony.com",
            "time": "2013-08-13 20:18:00"
        },
        {
            "name": "twig/twig",
            "version": "dev-master",
            "source": {
                "type": "git",
                "url": "https://github.com/fabpot/Twig.git",
                "reference": "3db6b6aeb9442abf85d2a9f6d5c3ae3e07398597"
            },
            "dist": {
                "type": "zip",
                "url": "https://api.github.com/repos/fabpot/Twig/zipball/3db6b6aeb9442abf85d2a9f6d5c3ae3e07398597",
                "reference": "3db6b6aeb9442abf85d2a9f6d5c3ae3e07398597",
                "shasum": ""
            },
            "require": {
                "php": ">=5.2.4"
            },
            "type": "library",
            "extra": {
                "branch-alias": {
                    "dev-master": "1.14-dev"
                }
            },
            "autoload": {
                "psr-0": {
                    "Twig_": "lib/"
                }
            },
            "notification-url": "https://packagist.org/downloads/",
            "license": [
                "BSD-3-Clause"
            ],
            "authors": [
                {
                    "name": "Fabien Potencier",
                    "email": "fabien@symfony.com"
                },
                {
                    "name": "Armin Ronacher",
                    "email": "armin.ronacher@active-4.com"
                }
            ],
            "description": "Twig, the flexible, fast, and secure template language for PHP",
            "homepage": "http://twig.sensiolabs.org",
            "keywords": [
                "templating"
            ],
            "time": "2013-08-28 06:01:53"
        },
        {
            "name": "vlucas/spot",
            "version": "dev-master",
            "source": {
                "type": "git",
                "url": "https://github.com/vlucas/Spot.git",
                "reference": "e68189555e9952e31eb877b5273ab20acc372197"
            },
            "dist": {
                "type": "zip",
                "url": "https://api.github.com/repos/vlucas/Spot/zipball/e68189555e9952e31eb877b5273ab20acc372197",
                "reference": "e68189555e9952e31eb877b5273ab20acc372197",
                "shasum": ""
            },
            "require": {
                "php": ">=5.3.2",
                "vlucas/valitron": "1.x"
            },
            "type": "library",
            "autoload": {
                "psr-0": {
                    "Spot": "lib/"
                }
            },
            "notification-url": "https://packagist.org/downloads/",
            "license": [
                "BSD"
            ],
            "authors": [
                {
                    "name": "Vance Lucas",
                    "email": "vance@vancelucas.com",
                    "homepage": "http://www.vancelucas.com"
                }
            ],
            "description": "DataMapper ORM for PHP 5.3+",
            "homepage": "https://github.com/vlucas/Spot",
            "keywords": [
                "database",
                "datamapper",
                "entity",
                "mapper",
                "model",
                "mysql",
                "orm"
            ],
            "time": "2013-08-30 15:39:51"
        },
        {
            "name": "vlucas/valitron",
            "version": "1.1.4",
            "source": {
                "type": "git",
                "url": "https://github.com/vlucas/valitron.git",
                "reference": "4465bfd4a126f789af25b3284618252c2cae7813"
            },
            "dist": {
                "type": "zip",
                "url": "https://api.github.com/repos/vlucas/valitron/zipball/4465bfd4a126f789af25b3284618252c2cae7813",
                "reference": "4465bfd4a126f789af25b3284618252c2cae7813",
                "shasum": ""
            },
            "require": {
                "php": ">=5.3.2"
            },
            "type": "library",
            "autoload": {
                "psr-0": {
                    "Valitron": "src/"
                }
            },
            "notification-url": "https://packagist.org/downloads/",
            "license": [
                "BSD"
            ],
            "authors": [
                {
                    "name": "Vance Lucas",
                    "email": "vance@vancelucas.com",
                    "homepage": "http://www.vancelucas.com"
                }
            ],
            "description": "Simple, elegant, stand-alone validation library with NO dependencies",
            "homepage": "http://github.com/vlucas/valitron",
            "keywords": [
                "valid",
                "validation",
                "validator"
            ],
            "time": "2013-08-30 15:34:54"
        }
    ],
    "packages-dev": [

    ],
    "aliases": [

    ],
    "minimum-stability": "dev",
    "stability-flags": {
        "igorw/config-service-provider": 20
    },
    "platform": [

    ],
    "platform-dev": [

    ]
}
